// !$*UTF8*$!
{
	archiveVersion = 1;
	classes = {
	};
	objectVersion = 50;
	objects = {

/* Begin PBXBuildFile section */
		781CF6992149EA7C004B8B04 /* seneGraph.cpp in Sources */ = {isa = PBXBuildFile; fileRef = 781CF6982149EA7C004B8B04 /* seneGraph.cpp */; };
		781CF69C2149EA8A004B8B04 /* tools.cpp in Sources */ = {isa = PBXBuildFile; fileRef = 781CF69A2149EA8A004B8B04 /* tools.cpp */; };
		781CF69F2149EAA7004B8B04 /* graph.cpp in Sources */ = {isa = PBXBuildFile; fileRef = 781CF69D2149EAA7004B8B04 /* graph.cpp */; };
/* End PBXBuildFile section */

/* Begin PBXCopyFilesBuildPhase section */
		781CF68A2149E9B7004B8B04 /* CopyFiles */ = {
			isa = PBXCopyFilesBuildPhase;
			buildActionMask = 2147483647;
			dstPath = /usr/share/man/man1/;
			dstSubfolderSpec = 0;
			files = (
			);
			runOnlyForDeploymentPostprocessing = 1;
		};
/* End PBXCopyFilesBuildPhase section */

/* Begin PBXFileReference section */
		781CF68C2149E9B7004B8B04 /* in_lab */ = {isa = PBXFileReference; explicitFileType = "compiled.mach-o.executable"; includeInIndex = 0; path = in_lab; sourceTree = BUILT_PRODUCTS_DIR; };
		781CF6982149EA7C004B8B04 /* seneGraph.cpp */ = {isa = PBXFileReference; lastKnownFileType = sourcecode.cpp.cpp; path = seneGraph.cpp; sourceTree = "<group>"; };
		781CF69A2149EA8A004B8B04 /* tools.cpp */ = {isa = PBXFileReference; lastKnownFileType = sourcecode.cpp.cpp; path = tools.cpp; sourceTree = "<group>"; };
		781CF69B2149EA8A004B8B04 /* tools.h */ = {isa = PBXFileReference; lastKnownFileType = sourcecode.c.h; path = tools.h; sourceTree = "<group>"; };
		781CF69D2149EAA7004B8B04 /* graph.cpp */ = {isa = PBXFileReference; lastKnownFileType = sourcecode.cpp.cpp; path = graph.cpp; sourceTree = "<group>"; };
		781CF69E2149EAA7004B8B04 /* graph.h */ = {isa = PBXFileReference; lastKnownFileType = sourcecode.c.h; path = graph.h; sourceTree = "<group>"; };
/* End PBXFileReference section */

/* Begin PBXFrameworksBuildPhase section */
		781CF6892149E9B7004B8B04 /* Frameworks */ = {
			isa = PBXFrameworksBuildPhase;
			buildActionMask = 2147483647;
			files = (
			);
			runOnlyForDeploymentPostprocessing = 0;
		};
/* End PBXFrameworksBuildPhase section */

/* Begin PBXGroup section */
		781CF6832149E9B7004B8B04 = {
			isa = PBXGroup;
			children = (
				781CF68E2149E9B7004B8B04 /* in_lab */,
				781CF68D2149E9B7004B8B04 /* Products */,
			);
			sourceTree = "<group>";
		};
		781CF68D2149E9B7004B8B04 /* Products */ = {
			isa = PBXGroup;
			children = (
				781CF68C2149E9B7004B8B04 /* in_lab */,
			);
			name = Products;
			sourceTree = "<group>";
		};
		781CF68E2149E9B7004B8B04 /* in_lab */ = {
			isa = PBXGroup;
			children = (
				781CF6972149EA07004B8B04 /* Header Files */,
				781CF6962149E9FC004B8B04 /* Source Files */,
			);
			path = in_lab;
			sourceTree = "<group>";
		};
		781CF6962149E9FC004B8B04 /* Source Files */ = {
			isa = PBXGroup;
			children = (
				781CF6982149EA7C004B8B04 /* seneGraph.cpp */,
				781CF69A2149EA8A004B8B04 /* tools.cpp */,
				781CF69D2149EAA7004B8B04 /* graph.cpp */,
			);
			path = "Source Files";
			sourceTree = "<group>";
		};
		781CF6972149EA07004B8B04 /* Header Files */ = {
			isa = PBXGroup;
			children = (
				781CF69E2149EAA7004B8B04 /* graph.h */,
				781CF69B2149EA8A004B8B04 /* tools.h */,
			);
			path = "Header Files";
			sourceTree = "<group>";
		};
/* End PBXGroup section */

/* Begin PBXNativeTarget section */
		781CF68B2149E9B7004B8B04 /* in_lab */ = {
			isa = PBXNativeTarget;
			buildConfigurationList = 781CF6932149E9B7004B8B04 /* Build configuration list for PBXNativeTarget "in_lab" */;
			buildPhases = (
				781CF6882149E9B7004B8B04 /* Sources */,
				781CF6892149E9B7004B8B04 /* Frameworks */,
				781CF68A2149E9B7004B8B04 /* CopyFiles */,
			);
			buildRules = (
			);
			dependencies = (
			);
			name = in_lab;
			productName = in_lab;
			productReference = 781CF68C2149E9B7004B8B04 /* in_lab */;
			productType = "com.apple.product-type.tool";
		};
/* End PBXNativeTarget section */

/* Begin PBXProject section */
		781CF6842149E9B7004B8B04 /* Project object */ = {
			isa = PBXProject;
			attributes = {
				LastUpgradeCheck = 1000;
				ORGANIZATIONNAME = "Huy Lam";
				TargetAttributes = {
					781CF68B2149E9B7004B8B04 = {
						CreatedOnToolsVersion = 10.0;
					};
				};
			};
			buildConfigurationList = 781CF6872149E9B7004B8B04 /* Build configuration list for PBXProject "in_lab" */;
			compatibilityVersion = "Xcode 9.3";
			developmentRegion = en;
			hasScannedForEncodings = 0;
			knownRegions = (
				en,
			);
			mainGroup = 781CF6832149E9B7004B8B04;
			productRefGroup = 781CF68D2149E9B7004B8B04 /* Products */;
			projectDirPath = "";
			projectRoot = "";
			targets = (
				781CF68B2149E9B7004B8B04 /* in_lab */,
			);
		};
/* End PBXProject section */

/* Begin PBXSourcesBuildPhase section */
		781CF6882149E9B7004B8B04 /* Sources */ = {
			isa = PBXSourcesBuildPhase;
			buildActionMask = 2147483647;
			files = (
				781CF69F2149EAA7004B8B04 /* graph.cpp in Sources */,
				781CF69C2149EA8A004B8B04 /* tools.cpp in Sources */,
				781CF6992149EA7C004B8B04 /* seneGraph.cpp in Sources */,
			);
			runOnlyForDeploymentPostprocessing = 0;
		};
/* End PBXSourcesBuildPhase section */

/* Begin XCBuildConfiguration section */
		781CF6912149E9B7004B8B04 /* Debug */ = {
			isa = XCBuildConfiguration;
			buildSettings = {
				ALWAYS_SEARCH_USER_PATHS = NO;
				CLANG_ANALYZER_NONNULL = YES;
				CLANG_ANALYZER_NUMBER_OBJECT_CONVERSION = YES_AGGRESSIVE;
				CLANG_CXX_LANGUAGE_STANDARD = "gnu++14";
				CLANG_CXX_LIBRARY = "libc++";
				CLANG_ENABLE_MODULES = YES;
				CLANG_ENABLE_OBJC_ARC = YES;
				CLANG_ENABLE_OBJC_WEAK = YES;
				CLANG_WARN_BLOCK_CAPTURE_AUTORELEASING = YES;
				CLANG_WARN_BOOL_CONVERSION = YES;
				CLANG_WARN_COMMA = YES;
				CLANG_WARN_CONSTANT_CONVERSION = YES;
				CLANG_WARN_DEPRECATED_OBJC_IMPLEMENTATIONS = YES;
				CLANG_WARN_DIRECT_OBJC_ISA_USAGE = YES_ERROR;
				CLANG_WARN_DOCUMENTATION_COMMENTS = YES;
				CLANG_WARN_EMPTY_BODY = YES;
				CLANG_WARN_ENUM_CONVERSION = YES;
				CLANG_WARN_INFINITE_RECURSION = YES;
				CLANG_WARN_INT_CONVERSION = YES;
				CLANG_WARN_NON_LITERAL_NULL_CONVERSION = YES;
				CLANG_WARN_OBJC_IMPLICIT_RETAIN_SELF = YES;
				CLANG_WARN_OBJC_LITERAL_CONVERSION = YES;
				CLANG_WARN_OBJC_ROOT_CLASS = YES_ERROR;
				CLANG_WARN_RANGE_LOOP_ANALYSIS = YES;
				CLANG_WARN_STRICT_PROTOTYPES = YES;
				CLANG_WARN_SUSPICIOUS_MOVE = YES;
				CLANG_WARN_UNGUARDED_AVAILABILITY = YES_AGGRESSIVE;
				CLANG_WARN_UNREACHABLE_CODE = YES;
				CLANG_WARN__DUPLICATE_METHOD_MATCH = YES;
				CODE_SIGN_IDENTITY = "-";
				COPY_PHASE_STRIP = NO;
				DEBUG_INFORMATION_FORMAT = dwarf;
				ENABLE_STRICT_OBJC_MSGSEND = YES;
				ENABLE_TESTABILITY = YES;
				GCC_C_LANGUAGE_STANDARD = gnu11;
				GCC_DYNAMIC_NO_PIC = NO;
				GCC_NO_COMMON_BLOCKS = YES;
				GCC_OPTIMIZATION_LEVEL = 0;
				GCC_PREPROCESSOR_DEFINITIONS = (
					"DEBUG=1",
					"$(inherited)",
				);
				GCC_WARN_64_TO_32_BIT_CONVERSION = YES;
				GCC_WARN_ABOUT_RETURN_TYPE = YES_ERROR;
				GCC_WARN_UNDECLARED_SELECTOR = YES;
				GCC_WARN_UNINITIALIZED_AUTOS = YES_AGGRESSIVE;
				GCC_WARN_UNUSED_FUNCTION = YES;
				GCC_WARN_UNUSED_VARIABLE = YES;
				MACOSX_DEPLOYMENT_TARGET = 10.13;
				MTL_ENABLE_DEBUG_INFO = INCLUDE_SOURCE;
				MTL_FAST_MATH = YES;
				ONLY_ACTIVE_ARCH = YES;
				SDKROOT = macosx;
			};
			name = Debug;
		};
		781CF6922149E9B7004B8B04 /* Release */ = {
			isa = XCBuildConfiguration;
			buildSettings = {
				ALWAYS_SEARCH_USER_PATHS = NO;
				CLANG_ANALYZER_NONNULL = YES;
				CLANG_ANALYZER_NUMBER_OBJECT_CONVERSION = YES_AGGRESSIVE;
				CLANG_CXX_LANGUAGE_STANDARD = "gnu++14";
				CLANG_CXX_LIBRARY = "libc++";
				CLANG_ENABLE_MODULES = YES;
				CLANG_ENABLE_OBJC_ARC = YES;
				CLANG_ENABLE_OBJC_WEAK = YES;
				CLANG_WARN_BLOCK_CAPTURE_AUTORELEASING = YES;
				CLANG_WARN_BOOL_CONVERSION = YES;
				CLANG_WARN_COMMA = YES;
				CLANG_WARN_CONSTANT_CONVERSION = YES;
				CLANG_WARN_DEPRECATED_OBJC_IMPLEMENTATIONS = YES;
				CLANG_WARN_DIRECT_OBJC_ISA_USAGE = YES_ERROR;
				CLANG_WARN_DOCUMENTATION_COMMENTS = YES;
				CLANG_WARN_EMPTY_BODY = YES;
				CLANG_WARN_ENUM_CONVERSION = YES;
				CLANG_WARN_INFINITE_RECURSION = YES;
				CLANG_WARN_INT_CONVERSION = YES;
				CLANG_WARN_NON_LITERAL_NULL_CONVERSION = YES;
				CLANG_WARN_OBJC_IMPLICIT_RETAIN_SELF = YES;
				CLANG_WARN_OBJC_LITERAL_CONVERSION = YES;
				CLANG_WARN_OBJC_ROOT_CLASS = YES_ERROR;
				CLANG_WARN_RANGE_LOOP_ANALYSIS = YES;
				CLANG_WARN_STRICT_PROTOTYPES = YES;
				CLANG_WARN_SUSPICIOUS_MOVE = YES;
				CLANG_WARN_UNGUARDED_AVAILABILITY = YES_AGGRESSIVE;
				CLANG_WARN_UNREACHABLE_CODE = YES;
				CLANG_WARN__DUPLICATE_METHOD_MATCH = YES;
				CODE_SIGN_IDENTITY = "-";
				COPY_PHASE_STRIP = NO;
				DEBUG_INFORMATION_FORMAT = "dwarf-with-dsym";
				ENABLE_NS_ASSERTIONS = NO;
				ENABLE_STRICT_OBJC_MSGSEND = YES;
				GCC_C_LANGUAGE_STANDARD = gnu11;
				GCC_NO_COMMON_BLOCKS = YES;
				GCC_WARN_64_TO_32_BIT_CONVERSION = YES;
				GCC_WARN_ABOUT_RETURN_TYPE = YES_ERROR;
				GCC_WARN_UNDECLARED_SELECTOR = YES;
				GCC_WARN_UNINITIALIZED_AUTOS = YES_AGGRESSIVE;
				GCC_WARN_UNUSED_FUNCTION = YES;
				GCC_WARN_UNUSED_VARIABLE = YES;
				MACOSX_DEPLOYMENT_TARGET = 10.13;
				MTL_ENABLE_DEBUG_INFO = NO;
				MTL_FAST_MATH = YES;
				SDKROOT = macosx;
			};
			name = Release;
		};
		781CF6942149E9B7004B8B04 /* Debug */ = {
			isa = XCBuildConfiguration;
			buildSettings = {
				CODE_SIGN_STYLE = Automatic;
				PRODUCT_NAME = "$(TARGET_NAME)";
			};
			name = Debug;
		};
		781CF6952149E9B7004B8B04 /* Release */ = {
			isa = XCBuildConfiguration;
			buildSettings = {
				CODE_SIGN_STYLE = Automatic;
				PRODUCT_NAME = "$(TARGET_NAME)";
			};
			name = Release;
		};
/* End XCBuildConfiguration section */

/* Begin XCConfigurationList section */
		781CF6872149E9B7004B8B04 /* Build configuration list for PBXProject "in_lab" */ = {
			isa = XCConfigurationList;
			buildConfigurations = (
				781CF6912149E9B7004B8B04 /* Debug */,
				781CF6922149E9B7004B8B04 /* Release */,
			);
			defaultConfigurationIsVisible = 0;
			defaultConfigurationName = Release;
		};
		781CF6932149E9B7004B8B04 /* Build configuration list for PBXNativeTarget "in_lab" */ = {
			isa = XCConfigurationList;
			buildConfigurations = (
				781CF6942149E9B7004B8B04 /* Debug */,
				781CF6952149E9B7004B8B04 /* Release */,
			);
			defaultConfigurationIsVisible = 0;
			defaultConfigurationName = Release;
		};
/* End XCConfigurationList section */
	};
	rootObject = 781CF6842149E9B7004B8B04 /* Project object */;
}
